
Microsoft Visual Studio Solution File, Format Version 12.00
# Visual Studio Version 16
VisualStudioVersion = 16.0.30611.23
MinimumVisualStudioVersion = 10.0.40219.1
Project("{FAE04EC0-301F-11D3-BF4B-00C04F79EFBC}") = "Task1", "Task1\Task1.csproj", "{443EE98F-46E1-484C-BDA1-0EBD6A079F9B}"
EndProject
Project("{FAE04EC0-301F-11D3-BF4B-00C04F79EFBC}") = "Task2", "Task2\Task2.csproj", "{09D4D8D5-FD0E-4727-BF14-EF9D225AAD25}"
EndProject
Project("{FAE04EC0-301F-11D3-BF4B-00C04F79EFBC}") = "Task3", "Task3\Task3.csproj", "{688A3CA7-51DD-468A-B07B-3CCDB954852B}"
EndProject
Global
	GlobalSection(SolutionConfigurationPlatforms) = preSolution
		Debug|Any CPU = Debug|Any CPU
		Release|Any CPU = Release|Any CPU
	EndGlobalSection
	GlobalSection(ProjectConfigurationPlatforms) = postSolution
		{443EE98F-46E1-484C-BDA1-0EBD6A079F9B}.Debug|Any CPU.ActiveCfg = Debug|Any CPU
		{443EE98F-46E1-484C-BDA1-0EBD6A079F9B}.Debug|Any CPU.Build.0 = Debug|Any CPU
		{443EE98F-46E1-484C-BDA1-0EBD6A079F9B}.Release|Any CPU.ActiveCfg = Release|Any CPU
		{443EE98F-46E1-484C-BDA1-0EBD6A079F9B}.Release|Any CPU.Build.0 = Release|Any CPU
		{09D4D8D5-FD0E-4727-BF14-EF9D225AAD25}.Debug|Any CPU.ActiveCfg = Debug|Any CPU
		{09D4D8D5-FD0E-4727-BF14-EF9D225AAD25}.Debug|Any CPU.Build.0 = Debug|Any CPU
		{09D4D8D5-FD0E-4727-BF14-EF9D225AAD25}.Release|Any CPU.ActiveCfg = Release|Any CPU
		{09D4D8D5-FD0E-4727-BF14-EF9D225AAD25}.Release|Any CPU.Build.0 = Release|Any CPU
		{688A3CA7-51DD-468A-B07B-3CCDB954852B}.Debug|Any CPU.ActiveCfg = Debug|Any CPU
		{688A3CA7-51DD-468A-B07B-3CCDB954852B}.Debug|Any CPU.Build.0 = Debug|Any CPU
		{688A3CA7-51DD-468A-B07B-3CCDB954852B}.Release|Any CPU.ActiveCfg = Release|Any CPU
		{688A3CA7-51DD-468A-B07B-3CCDB954852B}.Release|Any CPU.Build.0 = Release|Any CPU
	EndGlobalSection
	GlobalSection(SolutionProperties) = preSolution
		HideSolutionNode = FALSE
	EndGlobalSection
	GlobalSection(ExtensibilityGlobals) = postSolution
		SolutionGuid = {7DE81F73-6092-4CC9-BD20-803B71B04254}
	EndGlobalSection
EndGlobal
